
Microsoft Visual Studio Solution File, Format Version 12.00
# Visual Studio Version 17
VisualStudioVersion = 17.9.34723.18
MinimumVisualStudioVersion = 10.0.40219.1
Project("{9A19103F-16F7-4668-BE54-9A1E7A4F7556}") = "RestaurantOrderAPI.WebAPI", "RestaurantOrderAPI.WebAPI\RestaurantOrderAPI.WebAPI.csproj", "{BF44ED84-E30E-475B-8219-2A94C08B2B4B}"
EndProject
Project("{9A19103F-16F7-4668-BE54-9A1E7A4F7556}") = "RestaurantOrderAPI.Domain", "RestaurantOrderAPI.Domain\RestaurantOrderAPI.Domain.csproj", "{71B6F7C0-BA70-4642-AE4E-765E168866D8}"
EndProject
Project("{9A19103F-16F7-4668-BE54-9A1E7A4F7556}") = "RestaurantOrderAPI.Application", "RestaurantOrderAPI.Application\RestaurantOrderAPI.Application.csproj", "{04D13E15-3400-49A3-9763-44EDB3F7E42E}"
EndProject
Project("{FAE04EC0-301F-11D3-BF4B-00C04F79EFBC}") = "RestaurantOrderAPI.Data", "RestaurantOrderAPI.Data\RestaurantOrderAPI.Data.csproj", "{E242A300-9106-4405-8244-8013376541C1}"
EndProject
Global
	GlobalSection(SolutionConfigurationPlatforms) = preSolution
		Debug|Any CPU = Debug|Any CPU
		Release|Any CPU = Release|Any CPU
	EndGlobalSection
	GlobalSection(ProjectConfigurationPlatforms) = postSolution
		{BF44ED84-E30E-475B-8219-2A94C08B2B4B}.Debug|Any CPU.ActiveCfg = Debug|Any CPU
		{BF44ED84-E30E-475B-8219-2A94C08B2B4B}.Debug|Any CPU.Build.0 = Debug|Any CPU
		{BF44ED84-E30E-475B-8219-2A94C08B2B4B}.Release|Any CPU.ActiveCfg = Release|Any CPU
		{BF44ED84-E30E-475B-8219-2A94C08B2B4B}.Release|Any CPU.Build.0 = Release|Any CPU
		{71B6F7C0-BA70-4642-AE4E-765E168866D8}.Debug|Any CPU.ActiveCfg = Debug|Any CPU
		{71B6F7C0-BA70-4642-AE4E-765E168866D8}.Debug|Any CPU.Build.0 = Debug|Any CPU
		{71B6F7C0-BA70-4642-AE4E-765E168866D8}.Release|Any CPU.ActiveCfg = Release|Any CPU
		{71B6F7C0-BA70-4642-AE4E-765E168866D8}.Release|Any CPU.Build.0 = Release|Any CPU
		{04D13E15-3400-49A3-9763-44EDB3F7E42E}.Debug|Any CPU.ActiveCfg = Debug|Any CPU
		{04D13E15-3400-49A3-9763-44EDB3F7E42E}.Debug|Any CPU.Build.0 = Debug|Any CPU
		{04D13E15-3400-49A3-9763-44EDB3F7E42E}.Release|Any CPU.ActiveCfg = Release|Any CPU
		{04D13E15-3400-49A3-9763-44EDB3F7E42E}.Release|Any CPU.Build.0 = Release|Any CPU
		{E242A300-9106-4405-8244-8013376541C1}.Debug|Any CPU.ActiveCfg = Debug|Any CPU
		{E242A300-9106-4405-8244-8013376541C1}.Debug|Any CPU.Build.0 = Debug|Any CPU
		{E242A300-9106-4405-8244-8013376541C1}.Release|Any CPU.ActiveCfg = Release|Any CPU
		{E242A300-9106-4405-8244-8013376541C1}.Release|Any CPU.Build.0 = Release|Any CPU
	EndGlobalSection
	GlobalSection(SolutionProperties) = preSolution
		HideSolutionNode = FALSE
	EndGlobalSection
	GlobalSection(ExtensibilityGlobals) = postSolution
		SolutionGuid = {910B239C-05AE-4ED5-8E7A-E84E6452FA16}
	EndGlobalSection
EndGlobal
